
Microsoft Visual Studio Solution File, Format Version 12.00
# Visual Studio Version 17
VisualStudioVersion = 17.2.32519.379
MinimumVisualStudioVersion = 10.0.40219.1
Project("{2150E333-8FDC-42A3-9474-1A3956D46DE8}") = "Services", "Services", "{605E0C1D-7AF7-4C07-83C3-32A3565864D6}"
EndProject
Project("{2150E333-8FDC-42A3-9474-1A3956D46DE8}") = "Catalog", "Catalog", "{D1546116-415D-4FF3-B707-0C543A196ECC}"
EndProject
Project("{9A19103F-16F7-4668-BE54-9A1E7A4F7556}") = "Catalog.API", "Services\Catalog\Catalog.API\Catalog.API.csproj", "{F0AA8A37-8D11-412C-8D8A-9C7F64AE50FE}"
EndProject
Project("{E53339B2-1760-4266-BCC7-CA923CBCF16C}") = "docker-compose", "docker-compose.dcproj", "{123BD160-C590-4CB1-A64A-32DE53E63A0A}"
EndProject
Project("{2150E333-8FDC-42A3-9474-1A3956D46DE8}") = "Basket", "Basket", "{78556616-EA94-448B-BFC7-85577631E4D7}"
EndProject
Project("{9A19103F-16F7-4668-BE54-9A1E7A4F7556}") = "Basket.API", "Services\Basket\Basket.API\Basket.API.csproj", "{333B2F7C-D316-4642-83EC-938D375EF8FC}"
EndProject
Project("{2150E333-8FDC-42A3-9474-1A3956D46DE8}") = "Discount", "Discount", "{52DF3729-34C8-4781-94C7-E9715C64259F}"
EndProject
Project("{9A19103F-16F7-4668-BE54-9A1E7A4F7556}") = "Discount.API", "Services\Discount\Discount.API\Discount.API.csproj", "{730694A3-205E-4429-9A02-8151FE3028EF}"
EndProject
Project("{9A19103F-16F7-4668-BE54-9A1E7A4F7556}") = "Discount.Grpc", "Services\Discount\Discount.Grpc\Discount.Grpc.csproj", "{8A71B9A5-262D-4E6E-874A-CA7C8F0F6CDA}"
EndProject
Project("{2150E333-8FDC-42A3-9474-1A3956D46DE8}") = "Ordering", "Ordering", "{99C8A926-4B62-4970-834E-2A6497C9BB95}"
EndProject
Project("{9A19103F-16F7-4668-BE54-9A1E7A4F7556}") = "Ordering.API", "Services\Ordering\Ordering.API\Ordering.API.csproj", "{C35C104B-4CD3-4D83-ACBB-E59FF8BDC603}"
EndProject
Project("{9A19103F-16F7-4668-BE54-9A1E7A4F7556}") = "Ordering.Domain", "Services\Ordering\Ordering.Domain\Ordering.Domain.csproj", "{8214CF6F-81C7-469B-A046-C56B56EA295A}"
EndProject
Project("{9A19103F-16F7-4668-BE54-9A1E7A4F7556}") = "Ordering.Application", "Services\Ordering\Ordering.Application\Ordering.Application.csproj", "{4B1E9F90-3585-4090-B21C-9E899ED57B62}"
EndProject
Project("{9A19103F-16F7-4668-BE54-9A1E7A4F7556}") = "Ordering.Infrastructure", "Services\Ordering\Ordering.Infrastructure\Ordering.Infrastructure.csproj", "{22522B86-C31C-49BB-8E1F-3A9CDF0F9E13}"
EndProject
Project("{2150E333-8FDC-42A3-9474-1A3956D46DE8}") = "BuildingBlocks", "BuildingBlocks", "{4BB10BC8-2BA0-4BFD-A42A-35DA4A3B32DF}"
EndProject
Project("{FAE04EC0-301F-11D3-BF4B-00C04F79EFBC}") = "EventBus.Messages", "BuildingBlocks\EventBus.Messages\EventBus.Messages.csproj", "{71C5F7AB-8A2C-4A78-87B9-DA165B7FC30C}"
EndProject
Global
	GlobalSection(SolutionConfigurationPlatforms) = preSolution
		Debug|Any CPU = Debug|Any CPU
		Release|Any CPU = Release|Any CPU
	EndGlobalSection
	GlobalSection(ProjectConfigurationPlatforms) = postSolution
		{F0AA8A37-8D11-412C-8D8A-9C7F64AE50FE}.Debug|Any CPU.ActiveCfg = Debug|Any CPU
		{F0AA8A37-8D11-412C-8D8A-9C7F64AE50FE}.Debug|Any CPU.Build.0 = Debug|Any CPU
		{F0AA8A37-8D11-412C-8D8A-9C7F64AE50FE}.Release|Any CPU.ActiveCfg = Release|Any CPU
		{F0AA8A37-8D11-412C-8D8A-9C7F64AE50FE}.Release|Any CPU.Build.0 = Release|Any CPU
		{123BD160-C590-4CB1-A64A-32DE53E63A0A}.Debug|Any CPU.ActiveCfg = Debug|Any CPU
		{123BD160-C590-4CB1-A64A-32DE53E63A0A}.Debug|Any CPU.Build.0 = Debug|Any CPU
		{123BD160-C590-4CB1-A64A-32DE53E63A0A}.Release|Any CPU.ActiveCfg = Release|Any CPU
		{123BD160-C590-4CB1-A64A-32DE53E63A0A}.Release|Any CPU.Build.0 = Release|Any CPU
		{333B2F7C-D316-4642-83EC-938D375EF8FC}.Debug|Any CPU.ActiveCfg = Debug|Any CPU
		{333B2F7C-D316-4642-83EC-938D375EF8FC}.Debug|Any CPU.Build.0 = Debug|Any CPU
		{333B2F7C-D316-4642-83EC-938D375EF8FC}.Release|Any CPU.ActiveCfg = Release|Any CPU
		{333B2F7C-D316-4642-83EC-938D375EF8FC}.Release|Any CPU.Build.0 = Release|Any CPU
		{730694A3-205E-4429-9A02-8151FE3028EF}.Debug|Any CPU.ActiveCfg = Debug|Any CPU
		{730694A3-205E-4429-9A02-8151FE3028EF}.Debug|Any CPU.Build.0 = Debug|Any CPU
		{730694A3-205E-4429-9A02-8151FE3028EF}.Release|Any CPU.ActiveCfg = Release|Any CPU
		{730694A3-205E-4429-9A02-8151FE3028EF}.Release|Any CPU.Build.0 = Release|Any CPU
		{8A71B9A5-262D-4E6E-874A-CA7C8F0F6CDA}.Debug|Any CPU.ActiveCfg = Debug|Any CPU
		{8A71B9A5-262D-4E6E-874A-CA7C8F0F6CDA}.Debug|Any CPU.Build.0 = Debug|Any CPU
		{8A71B9A5-262D-4E6E-874A-CA7C8F0F6CDA}.Release|Any CPU.ActiveCfg = Release|Any CPU
		{8A71B9A5-262D-4E6E-874A-CA7C8F0F6CDA}.Release|Any CPU.Build.0 = Release|Any CPU
		{C35C104B-4CD3-4D83-ACBB-E59FF8BDC603}.Debug|Any CPU.ActiveCfg = Debug|Any CPU
		{C35C104B-4CD3-4D83-ACBB-E59FF8BDC603}.Debug|Any CPU.Build.0 = Debug|Any CPU
		{C35C104B-4CD3-4D83-ACBB-E59FF8BDC603}.Release|Any CPU.ActiveCfg = Release|Any CPU
		{C35C104B-4CD3-4D83-ACBB-E59FF8BDC603}.Release|Any CPU.Build.0 = Release|Any CPU
		{8214CF6F-81C7-469B-A046-C56B56EA295A}.Debug|Any CPU.ActiveCfg = Debug|Any CPU
		{8214CF6F-81C7-469B-A046-C56B56EA295A}.Debug|Any CPU.Build.0 = Debug|Any CPU
		{8214CF6F-81C7-469B-A046-C56B56EA295A}.Release|Any CPU.ActiveCfg = Release|Any CPU
		{8214CF6F-81C7-469B-A046-C56B56EA295A}.Release|Any CPU.Build.0 = Release|Any CPU
		{4B1E9F90-3585-4090-B21C-9E899ED57B62}.Debug|Any CPU.ActiveCfg = Debug|Any CPU
		{4B1E9F90-3585-4090-B21C-9E899ED57B62}.Debug|Any CPU.Build.0 = Debug|Any CPU
		{4B1E9F90-3585-4090-B21C-9E899ED57B62}.Release|Any CPU.ActiveCfg = Release|Any CPU
		{4B1E9F90-3585-4090-B21C-9E899ED57B62}.Release|Any CPU.Build.0 = Release|Any CPU
		{22522B86-C31C-49BB-8E1F-3A9CDF0F9E13}.Debug|Any CPU.ActiveCfg = Debug|Any CPU
		{22522B86-C31C-49BB-8E1F-3A9CDF0F9E13}.Debug|Any CPU.Build.0 = Debug|Any CPU
		{22522B86-C31C-49BB-8E1F-3A9CDF0F9E13}.Release|Any CPU.ActiveCfg = Release|Any CPU
		{22522B86-C31C-49BB-8E1F-3A9CDF0F9E13}.Release|Any CPU.Build.0 = Release|Any CPU
		{71C5F7AB-8A2C-4A78-87B9-DA165B7FC30C}.Debug|Any CPU.ActiveCfg = Debug|Any CPU
		{71C5F7AB-8A2C-4A78-87B9-DA165B7FC30C}.Debug|Any CPU.Build.0 = Debug|Any CPU
		{71C5F7AB-8A2C-4A78-87B9-DA165B7FC30C}.Release|Any CPU.ActiveCfg = Release|Any CPU
		{71C5F7AB-8A2C-4A78-87B9-DA165B7FC30C}.Release|Any CPU.Build.0 = Release|Any CPU
	EndGlobalSection
	GlobalSection(SolutionProperties) = preSolution
		HideSolutionNode = FALSE
	EndGlobalSection
	GlobalSection(NestedProjects) = preSolution
		{D1546116-415D-4FF3-B707-0C543A196ECC} = {605E0C1D-7AF7-4C07-83C3-32A3565864D6}
		{F0AA8A37-8D11-412C-8D8A-9C7F64AE50FE} = {D1546116-415D-4FF3-B707-0C543A196ECC}
		{78556616-EA94-448B-BFC7-85577631E4D7} = {605E0C1D-7AF7-4C07-83C3-32A3565864D6}
		{333B2F7C-D316-4642-83EC-938D375EF8FC} = {78556616-EA94-448B-BFC7-85577631E4D7}
		{52DF3729-34C8-4781-94C7-E9715C64259F} = {605E0C1D-7AF7-4C07-83C3-32A3565864D6}
		{730694A3-205E-4429-9A02-8151FE3028EF} = {52DF3729-34C8-4781-94C7-E9715C64259F}
		{8A71B9A5-262D-4E6E-874A-CA7C8F0F6CDA} = {52DF3729-34C8-4781-94C7-E9715C64259F}
		{99C8A926-4B62-4970-834E-2A6497C9BB95} = {605E0C1D-7AF7-4C07-83C3-32A3565864D6}
		{C35C104B-4CD3-4D83-ACBB-E59FF8BDC603} = {99C8A926-4B62-4970-834E-2A6497C9BB95}
		{8214CF6F-81C7-469B-A046-C56B56EA295A} = {99C8A926-4B62-4970-834E-2A6497C9BB95}
		{4B1E9F90-3585-4090-B21C-9E899ED57B62} = {99C8A926-4B62-4970-834E-2A6497C9BB95}
		{22522B86-C31C-49BB-8E1F-3A9CDF0F9E13} = {99C8A926-4B62-4970-834E-2A6497C9BB95}
		{71C5F7AB-8A2C-4A78-87B9-DA165B7FC30C} = {4BB10BC8-2BA0-4BFD-A42A-35DA4A3B32DF}
	EndGlobalSection
	GlobalSection(ExtensibilityGlobals) = postSolution
		SolutionGuid = {4E8E7362-2EFF-473D-B54E-9FFCE99E04A5}
	EndGlobalSection
EndGlobal
